// !$*UTF8*$!
{
	archiveVersion = 1;
	classes = {
	};
	objectVersion = 46;
	objects = {

/* Begin PBXBuildFile section */
		0F8E7EB515631FA10021F777 /* UIKit.framework in Frameworks */ = {isa = PBXBuildFile; fileRef = 0F8E7EB415631FA10021F777 /* UIKit.framework */; };
		0F8E7EB715631FA10021F777 /* Foundation.framework in Frameworks */ = {isa = PBXBuildFile; fileRef = 0F8E7EB615631FA10021F777 /* Foundation.framework */; };
		0F8E7EB915631FA10021F777 /* CoreGraphics.framework in Frameworks */ = {isa = PBXBuildFile; fileRef = 0F8E7EB815631FA10021F777 /* CoreGraphics.framework */; };
		0F8E7EBF15631FA10021F777 /* InfoPlist.strings in Resources */ = {isa = PBXBuildFile; fileRef = 0F8E7EBD15631FA10021F777 /* InfoPlist.strings */; };
		0F8E7EC115631FA10021F777 /* main.m in Sources */ = {isa = PBXBuildFile; fileRef = 0F8E7EC015631FA10021F777 /* main.m */; };
		0F8E7EC515631FA10021F777 /* May17AppDelegate.m in Sources */ = {isa = PBXBuildFile; fileRef = 0F8E7EC415631FA10021F777 /* May17AppDelegate.m */; };
		0F8E7ECD156320DC0021F777 /* SlotViewController.m in Sources */ = {isa = PBXBuildFile; fileRef = 0F8E7ECC156320DC0021F777 /* SlotViewController.m */; };
		0F8E7ED01563217F0021F777 /* SlotView.m in Sources */ = {isa = PBXBuildFile; fileRef = 0F8E7ECF1563217F0021F777 /* SlotView.m */; };
		0F8E7ED615632DEA0021F777 /* bar.png in Resources */ = {isa = PBXBuildFile; fileRef = 0F8E7ED115632DEA0021F777 /* bar.png */; };
		0F8E7ED715632DEA0021F777 /* cherry.png in Resources */ = {isa = PBXBuildFile; fileRef = 0F8E7ED215632DEA0021F777 /* cherry.png */; };
		0F8E7ED815632DEA0021F777 /* crown.png in Resources */ = {isa = PBXBuildFile; fileRef = 0F8E7ED315632DEA0021F777 /* crown.png */; };
		0F8E7ED915632DEA0021F777 /* lemon.png in Resources */ = {isa = PBXBuildFile; fileRef = 0F8E7ED415632DEA0021F777 /* lemon.png */; };
		0F8E7EDA15632DEA0021F777 /* seven.png in Resources */ = {isa = PBXBuildFile; fileRef = 0F8E7ED515632DEA0021F777 /* seven.png */; };
		0F928DE91565638C005AE711 /* wheeltabicon.png in Resources */ = {isa = PBXBuildFile; fileRef = 0F928DE81565638C005AE711 /* wheeltabicon.png */; };
		0F977D4F1563FE1E00A9D2A4 /* spinbackground.jpg in Resources */ = {isa = PBXBuildFile; fileRef = 0F977D4E1563FE1E00A9D2A4 /* spinbackground.jpg */; };
		0F977D52156406A400A9D2A4 /* spin.png in Resources */ = {isa = PBXBuildFile; fileRef = 0F977D51156406A400A9D2A4 /* spin.png */; };
		0F977D5415640B7400A9D2A4 /* playagain.gif in Resources */ = {isa = PBXBuildFile; fileRef = 0F977D5315640B7400A9D2A4 /* playagain.gif */; };
		0F977D571564111700A9D2A4 /* 01.png in Resources */ = {isa = PBXBuildFile; fileRef = 0F977D551564111700A9D2A4 /* 01.png */; };
		0F977D581564111700A9D2A4 /* 02.png in Resources */ = {isa = PBXBuildFile; fileRef = 0F977D561564111700A9D2A4 /* 02.png */; };
		0F977D5B1564136500A9D2A4 /* CelebrationViewController.m in Sources */ = {isa = PBXBuildFile; fileRef = 0F977D5A1564136500A9D2A4 /* CelebrationViewController.m */; };
		0F977D5E156413EB00A9D2A4 /* CelebrationView.m in Sources */ = {isa = PBXBuildFile; fileRef = 0F977D5D156413EB00A9D2A4 /* CelebrationView.m */; };
		0F977D6015641C3100A9D2A4 /* celebrate.png in Resources */ = {isa = PBXBuildFile; fileRef = 0F977D5F15641C3100A9D2A4 /* celebrate.png */; };
		0F977D9C1564279500A9D2A4 /* james1.gif in Resources */ = {isa = PBXBuildFile; fileRef = 0F977D7F1564279400A9D2A4 /* james1.gif */; };
		0F977D9D1564279500A9D2A4 /* james2.gif in Resources */ = {isa = PBXBuildFile; fileRef = 0F977D801564279400A9D2A4 /* james2.gif */; };
		0F977D9E1564279500A9D2A4 /* james3.gif in Resources */ = {isa = PBXBuildFile; fileRef = 0F977D811564279400A9D2A4 /* james3.gif */; };
		0F977D9F1564279500A9D2A4 /* james4.gif in Resources */ = {isa = PBXBuildFile; fileRef = 0F977D821564279400A9D2A4 /* james4.gif */; };
		0F977DA01564279500A9D2A4 /* james5.gif in Resources */ = {isa = PBXBuildFile; fileRef = 0F977D831564279400A9D2A4 /* james5.gif */; };
		0F977DA11564279500A9D2A4 /* james6.gif in Resources */ = {isa = PBXBuildFile; fileRef = 0F977D841564279400A9D2A4 /* james6.gif */; };
		0F977DA21564279500A9D2A4 /* james7.gif in Resources */ = {isa = PBXBuildFile; fileRef = 0F977D851564279400A9D2A4 /* james7.gif */; };
		0F977DA31564279500A9D2A4 /* james8.gif in Resources */ = {isa = PBXBuildFile; fileRef = 0F977D861564279400A9D2A4 /* james8.gif */; };
		0F977DA41564279500A9D2A4 /* james9.gif in Resources */ = {isa = PBXBuildFile; fileRef = 0F977D871564279400A9D2A4 /* james9.gif */; };
		0F977DA51564279500A9D2A4 /* james10.gif in Resources */ = {isa = PBXBuildFile; fileRef = 0F977D881564279400A9D2A4 /* james10.gif */; };
		0F977DA61564279500A9D2A4 /* james11.gif in Resources */ = {isa = PBXBuildFile; fileRef = 0F977D891564279400A9D2A4 /* james11.gif */; };
		0F977DA71564279500A9D2A4 /* james12.gif in Resources */ = {isa = PBXBuildFile; fileRef = 0F977D8A1564279400A9D2A4 /* james12.gif */; };
		0F977DA81564279500A9D2A4 /* james13.gif in Resources */ = {isa = PBXBuildFile; fileRef = 0F977D8B1564279400A9D2A4 /* james13.gif */; };
		0F977DA91564279500A9D2A4 /* james14.gif in Resources */ = {isa = PBXBuildFile; fileRef = 0F977D8C1564279400A9D2A4 /* james14.gif */; };
		0F977DAA1564279500A9D2A4 /* james15.gif in Resources */ = {isa = PBXBuildFile; fileRef = 0F977D8D1564279400A9D2A4 /* james15.gif */; };
		0F977DAB1564279500A9D2A4 /* james16.gif in Resources */ = {isa = PBXBuildFile; fileRef = 0F977D8E1564279400A9D2A4 /* james16.gif */; };
		0F977DAC1564279500A9D2A4 /* james17.gif in Resources */ = {isa = PBXBuildFile; fileRef = 0F977D8F1564279400A9D2A4 /* james17.gif */; };
		0F977DAD1564279500A9D2A4 /* james18.gif in Resources */ = {isa = PBXBuildFile; fileRef = 0F977D901564279400A9D2A4 /* james18.gif */; };
		0F977DAE1564279500A9D2A4 /* james19.gif in Resources */ = {isa = PBXBuildFile; fileRef = 0F977D911564279400A9D2A4 /* james19.gif */; };
		0F977DAF1564279500A9D2A4 /* james20.gif in Resources */ = {isa = PBXBuildFile; fileRef = 0F977D921564279400A9D2A4 /* james20.gif */; };
		0F977DB01564279500A9D2A4 /* james21.gif in Resources */ = {isa = PBXBuildFile; fileRef = 0F977D931564279400A9D2A4 /* james21.gif */; };
		0F977DB11564279500A9D2A4 /* james22.gif in Resources */ = {isa = PBXBuildFile; fileRef = 0F977D941564279400A9D2A4 /* james22.gif */; };
		0F977DB21564279500A9D2A4 /* james23.gif in Resources */ = {isa = PBXBuildFile; fileRef = 0F977D951564279400A9D2A4 /* james23.gif */; };
		0F977DB31564279500A9D2A4 /* james24.gif in Resources */ = {isa = PBXBuildFile; fileRef = 0F977D961564279400A9D2A4 /* james24.gif */; };
		0F977DB41564279500A9D2A4 /* james25.gif in Resources */ = {isa = PBXBuildFile; fileRef = 0F977D971564279400A9D2A4 /* james25.gif */; };
		0F977DB51564279500A9D2A4 /* james26.gif in Resources */ = {isa = PBXBuildFile; fileRef = 0F977D981564279400A9D2A4 /* james26.gif */; };
		0F977DB61564279500A9D2A4 /* james27.gif in Resources */ = {isa = PBXBuildFile; fileRef = 0F977D991564279500A9D2A4 /* james27.gif */; };
		0F977DB71564279500A9D2A4 /* james28.gif in Resources */ = {isa = PBXBuildFile; fileRef = 0F977D9A1564279500A9D2A4 /* james28.gif */; };
		0F977DB81564279500A9D2A4 /* james29.gif in Resources */ = {isa = PBXBuildFile; fileRef = 0F977D9B1564279500A9D2A4 /* james29.gif */; };
		0F977DBC15642EA600A9D2A4 /* AudioToolbox.framework in Frameworks */ = {isa = PBXBuildFile; fileRef = 0F977DBB15642EA600A9D2A4 /* AudioToolbox.framework */; };
		0F977DBE15642F2F00A9D2A4 /* chaching.mp3 in Resources */ = {isa = PBXBuildFile; fileRef = 0F977DBD15642F2F00A9D2A4 /* chaching.mp3 */; };
		0F977DC01564317E00A9D2A4 /* ladybug.jpg in Resources */ = {isa = PBXBuildFile; fileRef = 0F977DBF1564317E00A9D2A4 /* ladybug.jpg */; };
		0F977DC2156431E600A9D2A4 /* smiley.gif in Resources */ = {isa = PBXBuildFile; fileRef = 0F977DC1156431E600A9D2A4 /* smiley.gif */; };
		0F977DC41564322E00A9D2A4 /* bell.jpg in Resources */ = {isa = PBXBuildFile; fileRef = 0F977DC31564322E00A9D2A4 /* bell.jpg */; };
		0F977DC61564327C00A9D2A4 /* cricket.png in Resources */ = {isa = PBXBuildFile; fileRef = 0F977DC51564327B00A9D2A4 /* cricket.png */; };
		0F977DC8156432CB00A9D2A4 /* cycling.png in Resources */ = {isa = PBXBuildFile; fileRef = 0F977DC7156432CB00A9D2A4 /* cycling.png */; };
		0F977DCA1564331B00A9D2A4 /* ios.png in Resources */ = {isa = PBXBuildFile; fileRef = 0F977DC91564331B00A9D2A4 /* ios.png */; };
		0F977E521564362E00A9D2A4 /* cel.mp3 in Resources */ = {isa = PBXBuildFile; fileRef = 0F977E511564362E00A9D2A4 /* cel.mp3 */; };
		0F977E541564367700A9D2A4 /* AVFoundation.framework in Frameworks */ = {isa = PBXBuildFile; fileRef = 0F977E531564367700A9D2A4 /* AVFoundation.framework */; };
		0F977E5615643F6800A9D2A4 /* slot_machine.png in Resources */ = {isa = PBXBuildFile; fileRef = 0F977E5515643F6800A9D2A4 /* slot_machine.png */; };
		0F977E591564428600A9D2A4 /* RouletteViewController.m in Sources */ = {isa = PBXBuildFile; fileRef = 0F977E581564428500A9D2A4 /* RouletteViewController.m */; };
		0F977E5C1564429B00A9D2A4 /* RouletteView.m in Sources */ = {isa = PBXBuildFile; fileRef = 0F977E5B1564429A00A9D2A4 /* RouletteView.m */; };
		0F9843CE15645A8100BC0374 /* roulettewheel.jpg in Resources */ = {isa = PBXBuildFile; fileRef = 0F9843CD15645A8100BC0374 /* roulettewheel.jpg */; };
		0F9843D1156463A700BC0374 /* QuartzCore.framework in Frameworks */ = {isa = PBXBuildFile; fileRef = 0F9843D0156463A700BC0374 /* QuartzCore.framework */; };
		0F9843D315647E7F00BC0374 /* wheel1.jpg in Resources */ = {isa = PBXBuildFile; fileRef = 0F9843D215647E7F00BC0374 /* wheel1.jpg */; };
		0F9843D5156486CC00BC0374 /* fortune.png in Resources */ = {isa = PBXBuildFile; fileRef = 0F9843D4156486CC00BC0374 /* fortune.png */; };
		0F9843D715648A3300BC0374 /* wheelspinner.jpg in Resources */ = {isa = PBXBuildFile; fileRef = 0F9843D615648A3300BC0374 /* wheelspinner.jpg */; };
		0F9843D915648CF200BC0374 /* triangle.png in Resources */ = {isa = PBXBuildFile; fileRef = 0F9843D815648CF200BC0374 /* triangle.png */; };
		0F9843DC156495F700BC0374 /* NumberSelectorView.m in Sources */ = {isa = PBXBuildFile; fileRef = 0F9843DB156495F700BC0374 /* NumberSelectorView.m */; };
		0F9843DE1564AE4E00BC0374 /* pokerchips.png in Resources */ = {isa = PBXBuildFile; fileRef = 0F9843DD1564AE4E00BC0374 /* pokerchips.png */; };
/* End PBXBuildFile section */

/* Begin PBXFileReference section */
		0F8E7EB015631FA10021F777 /* May17.app */ = {isa = PBXFileReference; explicitFileType = wrapper.application; includeInIndex = 0; path = May17.app; sourceTree = BUILT_PRODUCTS_DIR; };
		0F8E7EB415631FA10021F777 /* UIKit.framework */ = {isa = PBXFileReference; lastKnownFileType = wrapper.framework; name = UIKit.framework; path = System/Library/Frameworks/UIKit.framework; sourceTree = SDKROOT; };
		0F8E7EB615631FA10021F777 /* Foundation.framework */ = {isa = PBXFileReference; lastKnownFileType = wrapper.framework; name = Foundation.framework; path = System/Library/Frameworks/Foundation.framework; sourceTree = SDKROOT; };
		0F8E7EB815631FA10021F777 /* CoreGraphics.framework */ = {isa = PBXFileReference; lastKnownFileType = wrapper.framework; name = CoreGraphics.framework; path = System/Library/Frameworks/CoreGraphics.framework; sourceTree = SDKROOT; };
		0F8E7EBC15631FA10021F777 /* May17-Info.plist */ = {isa = PBXFileReference; lastKnownFileType = text.plist.xml; path = "May17-Info.plist"; sourceTree = "<group>"; };
		0F8E7EBE15631FA10021F777 /* en */ = {isa = PBXFileReference; lastKnownFileType = text.plist.strings; name = en; path = en.lproj/InfoPlist.strings; sourceTree = "<group>"; };
		0F8E7EC015631FA10021F777 /* main.m */ = {isa = PBXFileReference; lastKnownFileType = sourcecode.c.objc; path = main.m; sourceTree = "<group>"; };
		0F8E7EC215631FA10021F777 /* May17-Prefix.pch */ = {isa = PBXFileReference; lastKnownFileType = sourcecode.c.h; path = "May17-Prefix.pch"; sourceTree = "<group>"; };
		0F8E7EC315631FA10021F777 /* May17AppDelegate.h */ = {isa = PBXFileReference; lastKnownFileType = sourcecode.c.h; path = May17AppDelegate.h; sourceTree = "<group>"; };
		0F8E7EC415631FA10021F777 /* May17AppDelegate.m */ = {isa = PBXFileReference; lastKnownFileType = sourcecode.c.objc; path = May17AppDelegate.m; sourceTree = "<group>"; };
		0F8E7ECB156320DC0021F777 /* SlotViewController.h */ = {isa = PBXFileReference; fileEncoding = 4; lastKnownFileType = sourcecode.c.h; path = SlotViewController.h; sourceTree = "<group>"; };
		0F8E7ECC156320DC0021F777 /* SlotViewController.m */ = {isa = PBXFileReference; fileEncoding = 4; lastKnownFileType = sourcecode.c.objc; path = SlotViewController.m; sourceTree = "<group>"; };
		0F8E7ECE1563217F0021F777 /* SlotView.h */ = {isa = PBXFileReference; fileEncoding = 4; lastKnownFileType = sourcecode.c.h; path = SlotView.h; sourceTree = "<group>"; };
		0F8E7ECF1563217F0021F777 /* SlotView.m */ = {isa = PBXFileReference; fileEncoding = 4; lastKnownFileType = sourcecode.c.objc; path = SlotView.m; sourceTree = "<group>"; };
		0F8E7ED115632DEA0021F777 /* bar.png */ = {isa = PBXFileReference; lastKnownFileType = image.png; path = bar.png; sourceTree = SOURCE_ROOT; };
		0F8E7ED215632DEA0021F777 /* cherry.png */ = {isa = PBXFileReference; lastKnownFileType = image.png; path = cherry.png; sourceTree = SOURCE_ROOT; };
		0F8E7ED315632DEA0021F777 /* crown.png */ = {isa = PBXFileReference; lastKnownFileType = image.png; path = crown.png; sourceTree = SOURCE_ROOT; };
		0F8E7ED415632DEA0021F777 /* lemon.png */ = {isa = PBXFileReference; lastKnownFileType = image.png; path = lemon.png; sourceTree = SOURCE_ROOT; };
		0F8E7ED515632DEA0021F777 /* seven.png */ = {isa = PBXFileReference; lastKnownFileType = image.png; path = seven.png; sourceTree = SOURCE_ROOT; };
		0F928DE81565638C005AE711 /* wheeltabicon.png */ = {isa = PBXFileReference; lastKnownFileType = image.png; path = wheeltabicon.png; sourceTree = SOURCE_ROOT; };
		0F977D4E1563FE1E00A9D2A4 /* spinbackground.jpg */ = {isa = PBXFileReference; lastKnownFileType = image.jpeg; path = spinbackground.jpg; sourceTree = SOURCE_ROOT; };
		0F977D51156406A400A9D2A4 /* spin.png */ = {isa = PBXFileReference; lastKnownFileType = image.png; path = spin.png; sourceTree = SOURCE_ROOT; };
		0F977D5315640B7400A9D2A4 /* playagain.gif */ = {isa = PBXFileReference; lastKnownFileType = image.gif; path = playagain.gif; sourceTree = SOURCE_ROOT; };
		0F977D551564111700A9D2A4 /* 01.png */ = {isa = PBXFileReference; lastKnownFileType = image.png; path = 01.png; sourceTree = SOURCE_ROOT; };
		0F977D561564111700A9D2A4 /* 02.png */ = {isa = PBXFileReference; lastKnownFileType = image.png; path = 02.png; sourceTree = SOURCE_ROOT; };
		0F977D591564136500A9D2A4 /* CelebrationViewController.h */ = {isa = PBXFileReference; fileEncoding = 4; lastKnownFileType = sourcecode.c.h; path = CelebrationViewController.h; sourceTree = "<group>"; };
		0F977D5A1564136500A9D2A4 /* CelebrationViewController.m */ = {isa = PBXFileReference; fileEncoding = 4; lastKnownFileType = sourcecode.c.objc; path = CelebrationViewController.m; sourceTree = "<group>"; };
		0F977D5C156413EB00A9D2A4 /* CelebrationView.h */ = {isa = PBXFileReference; fileEncoding = 4; lastKnownFileType = sourcecode.c.h; path = CelebrationView.h; sourceTree = "<group>"; };
		0F977D5D156413EB00A9D2A4 /* CelebrationView.m */ = {isa = PBXFileReference; fileEncoding = 4; lastKnownFileType = sourcecode.c.objc; path = CelebrationView.m; sourceTree = "<group>"; };
		0F977D5F15641C3100A9D2A4 /* celebrate.png */ = {isa = PBXFileReference; lastKnownFileType = image.png; path = celebrate.png; sourceTree = SOURCE_ROOT; };
		0F977D7F1564279400A9D2A4 /* james1.gif */ = {isa = PBXFileReference; lastKnownFileType = image.gif; path = james1.gif; sourceTree = SOURCE_ROOT; };
		0F977D801564279400A9D2A4 /* james2.gif */ = {isa = PBXFileReference; lastKnownFileType = image.gif; path = james2.gif; sourceTree = SOURCE_ROOT; };
		0F977D811564279400A9D2A4 /* james3.gif */ = {isa = PBXFileReference; lastKnownFileType = image.gif; path = james3.gif; sourceTree = SOURCE_ROOT; };
		0F977D821564279400A9D2A4 /* james4.gif */ = {isa = PBXFileReference; lastKnownFileType = image.gif; path = james4.gif; sourceTree = SOURCE_ROOT; };
		0F977D831564279400A9D2A4 /* james5.gif */ = {isa = PBXFileReference; lastKnownFileType = image.gif; path = james5.gif; sourceTree = SOURCE_ROOT; };
		0F977D841564279400A9D2A4 /* james6.gif */ = {isa = PBXFileReference; lastKnownFileType = image.gif; path = james6.gif; sourceTree = SOURCE_ROOT; };
		0F977D851564279400A9D2A4 /* james7.gif */ = {isa = PBXFileReference; lastKnownFileType = image.gif; path = james7.gif; sourceTree = SOURCE_ROOT; };
		0F977D861564279400A9D2A4 /* james8.gif */ = {isa = PBXFileReference; lastKnownFileType = image.gif; path = james8.gif; sourceTree = SOURCE_ROOT; };
		0F977D871564279400A9D2A4 /* james9.gif */ = {isa = PBXFileReference; lastKnownFileType = image.gif; path = james9.gif; sourceTree = SOURCE_ROOT; };
		0F977D881564279400A9D2A4 /* james10.gif */ = {isa = PBXFileReference; lastKnownFileType = image.gif; path = james10.gif; sourceTree = SOURCE_ROOT; };
		0F977D891564279400A9D2A4 /* james11.gif */ = {isa = PBXFileReference; lastKnownFileType = image.gif; path = james11.gif; sourceTree = SOURCE_ROOT; };
		0F977D8A1564279400A9D2A4 /* james12.gif */ = {isa = PBXFileReference; lastKnownFileType = image.gif; path = james12.gif; sourceTree = SOURCE_ROOT; };
		0F977D8B1564279400A9D2A4 /* james13.gif */ = {isa = PBXFileReference; lastKnownFileType = image.gif; path = james13.gif; sourceTree = SOURCE_ROOT; };
		0F977D8C1564279400A9D2A4 /* james14.gif */ = {isa = PBXFileReference; lastKnownFileType = image.gif; path = james14.gif; sourceTree = SOURCE_ROOT; };
		0F977D8D1564279400A9D2A4 /* james15.gif */ = {isa = PBXFileReference; lastKnownFileType = image.gif; path = james15.gif; sourceTree = SOURCE_ROOT; };
		0F977D8E1564279400A9D2A4 /* james16.gif */ = {isa = PBXFileReference; lastKnownFileType = image.gif; path = james16.gif; sourceTree = SOURCE_ROOT; };
		0F977D8F1564279400A9D2A4 /* james17.gif */ = {isa = PBXFileReference; lastKnownFileType = image.gif; path = james17.gif; sourceTree = SOURCE_ROOT; };
		0F977D901564279400A9D2A4 /* james18.gif */ = {isa = PBXFileReference; lastKnownFileType = image.gif; path = james18.gif; sourceTree = SOURCE_ROOT; };
		0F977D911564279400A9D2A4 /* james19.gif */ = {isa = PBXFileReference; lastKnownFileType = image.gif; path = james19.gif; sourceTree = SOURCE_ROOT; };
		0F977D921564279400A9D2A4 /* james20.gif */ = {isa = PBXFileReference; lastKnownFileType = image.gif; path = james20.gif; sourceTree = SOURCE_ROOT; };
		0F977D931564279400A9D2A4 /* james21.gif */ = {isa = PBXFileReference; lastKnownFileType = image.gif; path = james21.gif; sourceTree = SOURCE_ROOT; };
		0F977D941564279400A9D2A4 /* james22.gif */ = {isa = PBXFileReference; lastKnownFileType = image.gif; path = james22.gif; sourceTree = SOURCE_ROOT; };
		0F977D951564279400A9D2A4 /* james23.gif */ = {isa = PBXFileReference; lastKnownFileType = image.gif; path = james23.gif; sourceTree = SOURCE_ROOT; };
		0F977D961564279400A9D2A4 /* james24.gif */ = {isa = PBXFileReference; lastKnownFileType = image.gif; path = james24.gif; sourceTree = SOURCE_ROOT; };
		0F977D971564279400A9D2A4 /* james25.gif */ = {isa = PBXFileReference; lastKnownFileType = image.gif; path = james25.gif; sourceTree = SOURCE_ROOT; };
		0F977D981564279400A9D2A4 /* james26.gif */ = {isa = PBXFileReference; lastKnownFileType = image.gif; path = james26.gif; sourceTree = SOURCE_ROOT; };
		0F977D991564279500A9D2A4 /* james27.gif */ = {isa = PBXFileReference; lastKnownFileType = image.gif; path = james27.gif; sourceTree = SOURCE_ROOT; };
		0F977D9A1564279500A9D2A4 /* james28.gif */ = {isa = PBXFileReference; lastKnownFileType = image.gif; path = james28.gif; sourceTree = SOURCE_ROOT; };
		0F977D9B1564279500A9D2A4 /* james29.gif */ = {isa = PBXFileReference; lastKnownFileType = image.gif; path = james29.gif; sourceTree = SOURCE_ROOT; };
		0F977DBB15642EA600A9D2A4 /* AudioToolbox.framework */ = {isa = PBXFileReference; lastKnownFileType = wrapper.framework; name = AudioToolbox.framework; path = System/Library/Frameworks/AudioToolbox.framework; sourceTree = SDKROOT; };
		0F977DBD15642F2F00A9D2A4 /* chaching.mp3 */ = {isa = PBXFileReference; lastKnownFileType = audio.mp3; path = chaching.mp3; sourceTree = SOURCE_ROOT; };
		0F977DBF1564317E00A9D2A4 /* ladybug.jpg */ = {isa = PBXFileReference; lastKnownFileType = image.jpeg; path = ladybug.jpg; sourceTree = SOURCE_ROOT; };
		0F977DC1156431E600A9D2A4 /* smiley.gif */ = {isa = PBXFileReference; lastKnownFileType = image.gif; path = smiley.gif; sourceTree = SOURCE_ROOT; };
		0F977DC31564322E00A9D2A4 /* bell.jpg */ = {isa = PBXFileReference; lastKnownFileType = image.jpeg; path = bell.jpg; sourceTree = SOURCE_ROOT; };
		0F977DC51564327B00A9D2A4 /* cricket.png */ = {isa = PBXFileReference; lastKnownFileType = image.png; path = cricket.png; sourceTree = SOURCE_ROOT; };
		0F977DC7156432CB00A9D2A4 /* cycling.png */ = {isa = PBXFileReference; lastKnownFileType = image.png; path = cycling.png; sourceTree = SOURCE_ROOT; };
		0F977DC91564331B00A9D2A4 /* ios.png */ = {isa = PBXFileReference; lastKnownFileType = image.png; path = ios.png; sourceTree = SOURCE_ROOT; };
		0F977E511564362E00A9D2A4 /* cel.mp3 */ = {isa = PBXFileReference; lastKnownFileType = audio.mp3; path = cel.mp3; sourceTree = SOURCE_ROOT; };
		0F977E531564367700A9D2A4 /* AVFoundation.framework */ = {isa = PBXFileReference; lastKnownFileType = wrapper.framework; name = AVFoundation.framework; path = System/Library/Frameworks/AVFoundation.framework; sourceTree = SDKROOT; };
		0F977E5515643F6800A9D2A4 /* slot_machine.png */ = {isa = PBXFileReference; lastKnownFileType = image.png; path = slot_machine.png; sourceTree = SOURCE_ROOT; };
		0F977E571564428500A9D2A4 /* RouletteViewController.h */ = {isa = PBXFileReference; fileEncoding = 4; lastKnownFileType = sourcecode.c.h; path = RouletteViewController.h; sourceTree = "<group>"; };
		0F977E581564428500A9D2A4 /* RouletteViewController.m */ = {isa = PBXFileReference; fileEncoding = 4; lastKnownFileType = sourcecode.c.objc; path = RouletteViewController.m; sourceTree = "<group>"; };
		0F977E5A1564429A00A9D2A4 /* RouletteView.h */ = {isa = PBXFileReference; fileEncoding = 4; lastKnownFileType = sourcecode.c.h; path = RouletteView.h; sourceTree = "<group>"; };
		0F977E5B1564429A00A9D2A4 /* RouletteView.m */ = {isa = PBXFileReference; fileEncoding = 4; lastKnownFileType = sourcecode.c.objc; path = RouletteView.m; sourceTree = "<group>"; };
		0F9843CD15645A8100BC0374 /* roulettewheel.jpg */ = {isa = PBXFileReference; lastKnownFileType = image.jpeg; path = roulettewheel.jpg; sourceTree = SOURCE_ROOT; };
		0F9843D0156463A700BC0374 /* QuartzCore.framework */ = {isa = PBXFileReference; lastKnownFileType = wrapper.framework; name = QuartzCore.framework; path = System/Library/Frameworks/QuartzCore.framework; sourceTree = SDKROOT; };
		0F9843D215647E7F00BC0374 /* wheel1.jpg */ = {isa = PBXFileReference; lastKnownFileType = image.jpeg; path = wheel1.jpg; sourceTree = SOURCE_ROOT; };
		0F9843D4156486CC00BC0374 /* fortune.png */ = {isa = PBXFileReference; lastKnownFileType = image.png; path = fortune.png; sourceTree = SOURCE_ROOT; };
		0F9843D615648A3300BC0374 /* wheelspinner.jpg */ = {isa = PBXFileReference; lastKnownFileType = image.jpeg; path = wheelspinner.jpg; sourceTree = SOURCE_ROOT; };
		0F9843D815648CF200BC0374 /* triangle.png */ = {isa = PBXFileReference; lastKnownFileType = image.png; path = triangle.png; sourceTree = SOURCE_ROOT; };
		0F9843DA156495F700BC0374 /* NumberSelectorView.h */ = {isa = PBXFileReference; fileEncoding = 4; lastKnownFileType = sourcecode.c.h; path = NumberSelectorView.h; sourceTree = "<group>"; };
		0F9843DB156495F700BC0374 /* NumberSelectorView.m */ = {isa = PBXFileReference; fileEncoding = 4; lastKnownFileType = sourcecode.c.objc; path = NumberSelectorView.m; sourceTree = "<group>"; };
		0F9843DD1564AE4E00BC0374 /* pokerchips.png */ = {isa = PBXFileReference; lastKnownFileType = image.png; path = pokerchips.png; sourceTree = SOURCE_ROOT; };
/* End PBXFileReference section */

/* Begin PBXFrameworksBuildPhase section */
		0F8E7EAD15631FA10021F777 /* Frameworks */ = {
			isa = PBXFrameworksBuildPhase;
			buildActionMask = 2147483647;
			files = (
				0F9843D1156463A700BC0374 /* QuartzCore.framework in Frameworks */,
				0F977E541564367700A9D2A4 /* AVFoundation.framework in Frameworks */,
				0F977DBC15642EA600A9D2A4 /* AudioToolbox.framework in Frameworks */,
				0F8E7EB515631FA10021F777 /* UIKit.framework in Frameworks */,
				0F8E7EB715631FA10021F777 /* Foundation.framework in Frameworks */,
				0F8E7EB915631FA10021F777 /* CoreGraphics.framework in Frameworks */,
			);
			runOnlyForDeploymentPostprocessing = 0;
		};
/* End PBXFrameworksBuildPhase section */

/* Begin PBXGroup section */
		0F8E7EA515631FA10021F777 = {
			isa = PBXGroup;
			children = (
				0F8E7EBA15631FA10021F777 /* May17 */,
				0F8E7EB315631FA10021F777 /* Frameworks */,
				0F8E7EB115631FA10021F777 /* Products */,
			);
			sourceTree = "<group>";
		};
		0F8E7EB115631FA10021F777 /* Products */ = {
			isa = PBXGroup;
			children = (
				0F8E7EB015631FA10021F777 /* May17.app */,
			);
			name = Products;
			sourceTree = "<group>";
		};
		0F8E7EB315631FA10021F777 /* Frameworks */ = {
			isa = PBXGroup;
			children = (
				0F9843D0156463A700BC0374 /* QuartzCore.framework */,
				0F977E531564367700A9D2A4 /* AVFoundation.framework */,
				0F977DBB15642EA600A9D2A4 /* AudioToolbox.framework */,
				0F8E7EB415631FA10021F777 /* UIKit.framework */,
				0F8E7EB615631FA10021F777 /* Foundation.framework */,
				0F8E7EB815631FA10021F777 /* CoreGraphics.framework */,
			);
			name = Frameworks;
			sourceTree = "<group>";
		};
		0F8E7EBA15631FA10021F777 /* May17 */ = {
			isa = PBXGroup;
			children = (
				0F8E7EC315631FA10021F777 /* May17AppDelegate.h */,
				0F8E7EC415631FA10021F777 /* May17AppDelegate.m */,
				0F8E7ECB156320DC0021F777 /* SlotViewController.h */,
				0F8E7ECC156320DC0021F777 /* SlotViewController.m */,
				0F8E7ECE1563217F0021F777 /* SlotView.h */,
				0F8E7ECF1563217F0021F777 /* SlotView.m */,
				0F977D591564136500A9D2A4 /* CelebrationViewController.h */,
				0F977D5A1564136500A9D2A4 /* CelebrationViewController.m */,
				0F977D5C156413EB00A9D2A4 /* CelebrationView.h */,
				0F977D5D156413EB00A9D2A4 /* CelebrationView.m */,
				0F977E571564428500A9D2A4 /* RouletteViewController.h */,
				0F977E581564428500A9D2A4 /* RouletteViewController.m */,
				0F977E5A1564429A00A9D2A4 /* RouletteView.h */,
				0F977E5B1564429A00A9D2A4 /* RouletteView.m */,
				0F9843DA156495F700BC0374 /* NumberSelectorView.h */,
				0F9843DB156495F700BC0374 /* NumberSelectorView.m */,
				0F8E7EBB15631FA10021F777 /* Supporting Files */,
			);
			path = May17;
			sourceTree = "<group>";
		};
		0F8E7EBB15631FA10021F777 /* Supporting Files */ = {
			isa = PBXGroup;
			children = (
				0F928DE81565638C005AE711 /* wheeltabicon.png */,
				0F9843DD1564AE4E00BC0374 /* pokerchips.png */,
				0F9843D815648CF200BC0374 /* triangle.png */,
				0F9843D615648A3300BC0374 /* wheelspinner.jpg */,
				0F9843D4156486CC00BC0374 /* fortune.png */,
				0F9843D215647E7F00BC0374 /* wheel1.jpg */,
				0F9843CD15645A8100BC0374 /* roulettewheel.jpg */,
				0F977E5515643F6800A9D2A4 /* slot_machine.png */,
				0F977E511564362E00A9D2A4 /* cel.mp3 */,
				0F977DC91564331B00A9D2A4 /* ios.png */,
				0F977DC7156432CB00A9D2A4 /* cycling.png */,
				0F977DC51564327B00A9D2A4 /* cricket.png */,
				0F977DC31564322E00A9D2A4 /* bell.jpg */,
				0F977DC1156431E600A9D2A4 /* smiley.gif */,
				0F977DBF1564317E00A9D2A4 /* ladybug.jpg */,
				0F977DBD15642F2F00A9D2A4 /* chaching.mp3 */,
				0F977D7F1564279400A9D2A4 /* james1.gif */,
				0F977D801564279400A9D2A4 /* james2.gif */,
				0F977D811564279400A9D2A4 /* james3.gif */,
				0F977D821564279400A9D2A4 /* james4.gif */,
				0F977D831564279400A9D2A4 /* james5.gif */,
				0F977D841564279400A9D2A4 /* james6.gif */,
				0F977D851564279400A9D2A4 /* james7.gif */,
				0F977D861564279400A9D2A4 /* james8.gif */,
				0F977D871564279400A9D2A4 /* james9.gif */,
				0F977D881564279400A9D2A4 /* james10.gif */,
				0F977D891564279400A9D2A4 /* james11.gif */,
				0F977D8A1564279400A9D2A4 /* james12.gif */,
				0F977D8B1564279400A9D2A4 /* james13.gif */,
				0F977D8C1564279400A9D2A4 /* james14.gif */,
				0F977D8D1564279400A9D2A4 /* james15.gif */,
				0F977D8E1564279400A9D2A4 /* james16.gif */,
				0F977D8F1564279400A9D2A4 /* james17.gif */,
				0F977D901564279400A9D2A4 /* james18.gif */,
				0F977D911564279400A9D2A4 /* james19.gif */,
				0F977D921564279400A9D2A4 /* james20.gif */,
				0F977D931564279400A9D2A4 /* james21.gif */,
				0F977D941564279400A9D2A4 /* james22.gif */,
				0F977D951564279400A9D2A4 /* james23.gif */,
				0F977D961564279400A9D2A4 /* james24.gif */,
				0F977D971564279400A9D2A4 /* james25.gif */,
				0F977D981564279400A9D2A4 /* james26.gif */,
				0F977D991564279500A9D2A4 /* james27.gif */,
				0F977D9A1564279500A9D2A4 /* james28.gif */,
				0F977D9B1564279500A9D2A4 /* james29.gif */,
				0F977D5F15641C3100A9D2A4 /* celebrate.png */,
				0F977D551564111700A9D2A4 /* 01.png */,
				0F977D561564111700A9D2A4 /* 02.png */,
				0F977D5315640B7400A9D2A4 /* playagain.gif */,
				0F977D51156406A400A9D2A4 /* spin.png */,
				0F977D4E1563FE1E00A9D2A4 /* spinbackground.jpg */,
				0F8E7ED115632DEA0021F777 /* bar.png */,
				0F8E7ED215632DEA0021F777 /* cherry.png */,
				0F8E7ED315632DEA0021F777 /* crown.png */,
				0F8E7ED415632DEA0021F777 /* lemon.png */,
				0F8E7ED515632DEA0021F777 /* seven.png */,
				0F8E7EBC15631FA10021F777 /* May17-Info.plist */,
				0F8E7EBD15631FA10021F777 /* InfoPlist.strings */,
				0F8E7EC015631FA10021F777 /* main.m */,
				0F8E7EC215631FA10021F777 /* May17-Prefix.pch */,
			);
			name = "Supporting Files";
			sourceTree = "<group>";
		};
/* End PBXGroup section */

/* Begin PBXNativeTarget section */
		0F8E7EAF15631FA10021F777 /* May17 */ = {
			isa = PBXNativeTarget;
			buildConfigurationList = 0F8E7EC815631FA10021F777 /* Build configuration list for PBXNativeTarget "May17" */;
			buildPhases = (
				0F8E7EAC15631FA10021F777 /* Sources */,
				0F8E7EAD15631FA10021F777 /* Frameworks */,
				0F8E7EAE15631FA10021F777 /* Resources */,
			);
			buildRules = (
			);
			dependencies = (
			);
			name = May17;
			productName = May17;
			productReference = 0F8E7EB015631FA10021F777 /* May17.app */;
			productType = "com.apple.product-type.application";
		};
/* End PBXNativeTarget section */

/* Begin PBXProject section */
		0F8E7EA715631FA10021F777 /* Project object */ = {
			isa = PBXProject;
			attributes = {
				CLASSPREFIX = May17;
				LastUpgradeCheck = 0430;
			};
			buildConfigurationList = 0F8E7EAA15631FA10021F777 /* Build configuration list for PBXProject "May17" */;
			compatibilityVersion = "Xcode 3.2";
			developmentRegion = English;
			hasScannedForEncodings = 0;
			knownRegions = (
				en,
			);
			mainGroup = 0F8E7EA515631FA10021F777;
			productRefGroup = 0F8E7EB115631FA10021F777 /* Products */;
			projectDirPath = "";
			projectRoot = "";
			targets = (
				0F8E7EAF15631FA10021F777 /* May17 */,
			);
		};
/* End PBXProject section */

/* Begin PBXResourcesBuildPhase section */
		0F8E7EAE15631FA10021F777 /* Resources */ = {
			isa = PBXResourcesBuildPhase;
			buildActionMask = 2147483647;
			files = (
				0F8E7EBF15631FA10021F777 /* InfoPlist.strings in Resources */,
				0F8E7ED615632DEA0021F777 /* bar.png in Resources */,
				0F8E7ED715632DEA0021F777 /* cherry.png in Resources */,
				0F8E7ED815632DEA0021F777 /* crown.png in Resources */,
				0F8E7ED915632DEA0021F777 /* lemon.png in Resources */,
				0F8E7EDA15632DEA0021F777 /* seven.png in Resources */,
				0F977D4F1563FE1E00A9D2A4 /* spinbackground.jpg in Resources */,
				0F977D52156406A400A9D2A4 /* spin.png in Resources */,
				0F977D5415640B7400A9D2A4 /* playagain.gif in Resources */,
				0F977D571564111700A9D2A4 /* 01.png in Resources */,
				0F977D581564111700A9D2A4 /* 02.png in Resources */,
				0F977D6015641C3100A9D2A4 /* celebrate.png in Resources */,
				0F977D9C1564279500A9D2A4 /* james1.gif in Resources */,
				0F977D9D1564279500A9D2A4 /* james2.gif in Resources */,
				0F977D9E1564279500A9D2A4 /* james3.gif in Resources */,
				0F977D9F1564279500A9D2A4 /* james4.gif in Resources */,
				0F977DA01564279500A9D2A4 /* james5.gif in Resources */,
				0F977DA11564279500A9D2A4 /* james6.gif in Resources */,
				0F977DA21564279500A9D2A4 /* james7.gif in Resources */,
				0F977DA31564279500A9D2A4 /* james8.gif in Resources */,
				0F977DA41564279500A9D2A4 /* james9.gif in Resources */,
				0F977DA51564279500A9D2A4 /* james10.gif in Resources */,
				0F977DA61564279500A9D2A4 /* james11.gif in Resources */,
				0F977DA71564279500A9D2A4 /* james12.gif in Resources */,
				0F977DA81564279500A9D2A4 /* james13.gif in Resources */,
				0F977DA91564279500A9D2A4 /* james14.gif in Resources */,
				0F977DAA1564279500A9D2A4 /* james15.gif in Resources */,
				0F977DAB1564279500A9D2A4 /* james16.gif in Resources */,
				0F977DAC1564279500A9D2A4 /* james17.gif in Resources */,
				0F977DAD1564279500A9D2A4 /* james18.gif in Resources */,
				0F977DAE1564279500A9D2A4 /* james19.gif in Resources */,
				0F977DAF1564279500A9D2A4 /* james20.gif in Resources */,
				0F977DB01564279500A9D2A4 /* james21.gif in Resources */,
				0F977DB11564279500A9D2A4 /* james22.gif in Resources */,
				0F977DB21564279500A9D2A4 /* james23.gif in Resources */,
				0F977DB31564279500A9D2A4 /* james24.gif in Resources */,
				0F977DB41564279500A9D2A4 /* james25.gif in Resources */,
				0F977DB51564279500A9D2A4 /* james26.gif in Resources */,
				0F977DB61564279500A9D2A4 /* james27.gif in Resources */,
				0F977DB71564279500A9D2A4 /* james28.gif in Resources */,
				0F977DB81564279500A9D2A4 /* james29.gif in Resources */,
				0F977DBE15642F2F00A9D2A4 /* chaching.mp3 in Resources */,
				0F977DC01564317E00A9D2A4 /* ladybug.jpg in Resources */,
				0F977DC2156431E600A9D2A4 /* smiley.gif in Resources */,
				0F977DC41564322E00A9D2A4 /* bell.jpg in Resources */,
				0F977DC61564327C00A9D2A4 /* cricket.png in Resources */,
				0F977DC8156432CB00A9D2A4 /* cycling.png in Resources */,
				0F977DCA1564331B00A9D2A4 /* ios.png in Resources */,
				0F977E521564362E00A9D2A4 /* cel.mp3 in Resources */,
				0F977E5615643F6800A9D2A4 /* slot_machine.png in Resources */,
				0F9843CE15645A8100BC0374 /* roulettewheel.jpg in Resources */,
				0F9843D315647E7F00BC0374 /* wheel1.jpg in Resources */,
				0F9843D5156486CC00BC0374 /* fortune.png in Resources */,
				0F9843D715648A3300BC0374 /* wheelspinner.jpg in Resources */,
				0F9843D915648CF200BC0374 /* triangle.png in Resources */,
				0F9843DE1564AE4E00BC0374 /* pokerchips.png in Resources */,
				0F928DE91565638C005AE711 /* wheeltabicon.png in Resources */,
			);
			runOnlyForDeploymentPostprocessing = 0;
		};
/* End PBXResourcesBuildPhase section */

/* Begin PBXSourcesBuildPhase section */
		0F8E7EAC15631FA10021F777 /* Sources */ = {
			isa = PBXSourcesBuildPhase;
			buildActionMask = 2147483647;
			files = (
				0F8E7EC115631FA10021F777 /* main.m in Sources */,
				0F8E7EC515631FA10021F777 /* May17AppDelegate.m in Sources */,
				0F8E7ECD156320DC0021F777 /* SlotViewController.m in Sources */,
				0F8E7ED01563217F0021F777 /* SlotView.m in Sources */,
				0F977D5B1564136500A9D2A4 /* CelebrationViewController.m in Sources */,
				0F977D5E156413EB00A9D2A4 /* CelebrationView.m in Sources */,
				0F977E591564428600A9D2A4 /* RouletteViewController.m in Sources */,
				0F977E5C1564429B00A9D2A4 /* RouletteView.m in Sources */,
				0F9843DC156495F700BC0374 /* NumberSelectorView.m in Sources */,
			);
			runOnlyForDeploymentPostprocessing = 0;
		};
/* End PBXSourcesBuildPhase section */

/* Begin PBXVariantGroup section */
		0F8E7EBD15631FA10021F777 /* InfoPlist.strings */ = {
			isa = PBXVariantGroup;
			children = (
				0F8E7EBE15631FA10021F777 /* en */,
			);
			name = InfoPlist.strings;
			sourceTree = "<group>";
		};
/* End PBXVariantGroup section */

/* Begin XCBuildConfiguration section */
		0F8E7EC615631FA10021F777 /* Debug */ = {
			isa = XCBuildConfiguration;
			buildSettings = {
				ALWAYS_SEARCH_USER_PATHS = NO;
				ARCHS = "$(ARCHS_STANDARD_32_BIT)";
				CLANG_ENABLE_OBJC_ARC = YES;
				"CODE_SIGN_IDENTITY[sdk=iphoneos*]" = "iPhone Developer";
				COPY_PHASE_STRIP = NO;
				GCC_C_LANGUAGE_STANDARD = gnu99;
				GCC_DYNAMIC_NO_PIC = NO;
				GCC_OPTIMIZATION_LEVEL = 0;
				GCC_PREPROCESSOR_DEFINITIONS = (
					"DEBUG=1",
					"$(inherited)",
				);
				GCC_SYMBOLS_PRIVATE_EXTERN = NO;
				GCC_VERSION = com.apple.compilers.llvm.clang.1_0;
				GCC_WARN_ABOUT_RETURN_TYPE = YES;
				GCC_WARN_UNINITIALIZED_AUTOS = YES;
				GCC_WARN_UNUSED_VARIABLE = YES;
				IPHONEOS_DEPLOYMENT_TARGET = 5.1;
				SDKROOT = iphoneos;
			};
			name = Debug;
		};
		0F8E7EC715631FA10021F777 /* Release */ = {
			isa = XCBuildConfiguration;
			buildSettings = {
				ALWAYS_SEARCH_USER_PATHS = NO;
				ARCHS = "$(ARCHS_STANDARD_32_BIT)";
				CLANG_ENABLE_OBJC_ARC = YES;
				"CODE_SIGN_IDENTITY[sdk=iphoneos*]" = "iPhone Developer";
				COPY_PHASE_STRIP = YES;
				GCC_C_LANGUAGE_STANDARD = gnu99;
				GCC_VERSION = com.apple.compilers.llvm.clang.1_0;
				GCC_WARN_ABOUT_RETURN_TYPE = YES;
				GCC_WARN_UNINITIALIZED_AUTOS = YES;
				GCC_WARN_UNUSED_VARIABLE = YES;
				IPHONEOS_DEPLOYMENT_TARGET = 5.1;
				OTHER_CFLAGS = "-DNS_BLOCK_ASSERTIONS=1";
				SDKROOT = iphoneos;
				VALIDATE_PRODUCT = YES;
			};
			name = Release;
		};
		0F8E7EC915631FA10021F777 /* Debug */ = {
			isa = XCBuildConfiguration;
			buildSettings = {
				GCC_PRECOMPILE_PREFIX_HEADER = YES;
				GCC_PREFIX_HEADER = "May17/May17-Prefix.pch";
				INFOPLIST_FILE = "May17/May17-Info.plist";
				PRODUCT_NAME = "$(TARGET_NAME)";
				WRAPPER_EXTENSION = app;
			};
			name = Debug;
		};
		0F8E7ECA15631FA10021F777 /* Release */ = {
			isa = XCBuildConfiguration;
			buildSettings = {
				GCC_PRECOMPILE_PREFIX_HEADER = YES;
				GCC_PREFIX_HEADER = "May17/May17-Prefix.pch";
				INFOPLIST_FILE = "May17/May17-Info.plist";
				PRODUCT_NAME = "$(TARGET_NAME)";
				WRAPPER_EXTENSION = app;
			};
			name = Release;
		};
/* End XCBuildConfiguration section */

/* Begin XCConfigurationList section */
		0F8E7EAA15631FA10021F777 /* Build configuration list for PBXProject "May17" */ = {
			isa = XCConfigurationList;
			buildConfigurations = (
				0F8E7EC615631FA10021F777 /* Debug */,
				0F8E7EC715631FA10021F777 /* Release */,
			);
			defaultConfigurationIsVisible = 0;
			defaultConfigurationName = Release;
		};
		0F8E7EC815631FA10021F777 /* Build configuration list for PBXNativeTarget "May17" */ = {
			isa = XCConfigurationList;
			buildConfigurations = (
				0F8E7EC915631FA10021F777 /* Debug */,
				0F8E7ECA15631FA10021F777 /* Release */,
			);
			defaultConfigurationIsVisible = 0;
			defaultConfigurationName = Release;
		};
/* End XCConfigurationList section */
	};
	rootObject = 0F8E7EA715631FA10021F777 /* Project object */;
}
